
Microsoft Visual Studio Solution File, Format Version 12.00
# Visual Studio Version 16
VisualStudioVersion = 25.0.1706.3
MinimumVisualStudioVersion = 10.0.40219.1
Project("{FAE04EC0-301F-11D3-BF4B-00C04F79EFBC}") = "FormulaEvaluator", "FormulaEvaluator\FormulaEvaluator.csproj", "{8429C3D7-6492-4102-965E-A537D6A250E7}"
EndProject
Project("{FAE04EC0-301F-11D3-BF4B-00C04F79EFBC}") = "FormulaEvaluatorTester", "FormulaEvaluatorTester\FormulaEvaluatorTester.csproj", "{A0351280-7481-48AC-8D79-5DE2C1121673}"
EndProject
Project("{FAE04EC0-301F-11D3-BF4B-00C04F79EFBC}") = "DependencyGraph", "DependencyGraph\DependencyGraph.csproj", "{352F6413-BFB3-48DB-8267-E8507DA0812F}"
EndProject
Project("{FAE04EC0-301F-11D3-BF4B-00C04F79EFBC}") = "DependencyGraphTests", "DependencyGraphTests\DependencyGraphTests.csproj", "{2E6FB01B-14D2-4CBF-82CF-1737CD4F2B8C}"
EndProject
Project("{FAE04EC0-301F-11D3-BF4B-00C04F79EFBC}") = "Formula", "Formula\Formula.csproj", "{80C6BB1C-9427-477D-9CB5-F4AF5EAF4732}"
EndProject
Project("{FAE04EC0-301F-11D3-BF4B-00C04F79EFBC}") = "FormulaTests", "FormulaTests\FormulaTests.csproj", "{BBB505B8-437B-46D1-B2A0-5558A14C1C71}"
EndProject
Global
	GlobalSection(SolutionConfigurationPlatforms) = preSolution
		Debug|Any CPU = Debug|Any CPU
		Release|Any CPU = Release|Any CPU
	EndGlobalSection
	GlobalSection(ProjectConfigurationPlatforms) = postSolution
		{8429C3D7-6492-4102-965E-A537D6A250E7}.Debug|Any CPU.ActiveCfg = Debug|Any CPU
		{8429C3D7-6492-4102-965E-A537D6A250E7}.Debug|Any CPU.Build.0 = Debug|Any CPU
		{8429C3D7-6492-4102-965E-A537D6A250E7}.Release|Any CPU.ActiveCfg = Release|Any CPU
		{8429C3D7-6492-4102-965E-A537D6A250E7}.Release|Any CPU.Build.0 = Release|Any CPU
		{A0351280-7481-48AC-8D79-5DE2C1121673}.Debug|Any CPU.ActiveCfg = Debug|Any CPU
		{A0351280-7481-48AC-8D79-5DE2C1121673}.Debug|Any CPU.Build.0 = Debug|Any CPU
		{A0351280-7481-48AC-8D79-5DE2C1121673}.Release|Any CPU.ActiveCfg = Release|Any CPU
		{A0351280-7481-48AC-8D79-5DE2C1121673}.Release|Any CPU.Build.0 = Release|Any CPU
		{352F6413-BFB3-48DB-8267-E8507DA0812F}.Debug|Any CPU.ActiveCfg = Debug|Any CPU
		{352F6413-BFB3-48DB-8267-E8507DA0812F}.Debug|Any CPU.Build.0 = Debug|Any CPU
		{352F6413-BFB3-48DB-8267-E8507DA0812F}.Release|Any CPU.ActiveCfg = Release|Any CPU
		{352F6413-BFB3-48DB-8267-E8507DA0812F}.Release|Any CPU.Build.0 = Release|Any CPU
		{2E6FB01B-14D2-4CBF-82CF-1737CD4F2B8C}.Debug|Any CPU.ActiveCfg = Debug|Any CPU
		{2E6FB01B-14D2-4CBF-82CF-1737CD4F2B8C}.Debug|Any CPU.Build.0 = Debug|Any CPU
		{2E6FB01B-14D2-4CBF-82CF-1737CD4F2B8C}.Release|Any CPU.ActiveCfg = Release|Any CPU
		{2E6FB01B-14D2-4CBF-82CF-1737CD4F2B8C}.Release|Any CPU.Build.0 = Release|Any CPU
		{80C6BB1C-9427-477D-9CB5-F4AF5EAF4732}.Debug|Any CPU.ActiveCfg = Debug|Any CPU
		{80C6BB1C-9427-477D-9CB5-F4AF5EAF4732}.Debug|Any CPU.Build.0 = Debug|Any CPU
		{80C6BB1C-9427-477D-9CB5-F4AF5EAF4732}.Release|Any CPU.ActiveCfg = Release|Any CPU
		{80C6BB1C-9427-477D-9CB5-F4AF5EAF4732}.Release|Any CPU.Build.0 = Release|Any CPU
		{BBB505B8-437B-46D1-B2A0-5558A14C1C71}.Debug|Any CPU.ActiveCfg = Debug|Any CPU
		{BBB505B8-437B-46D1-B2A0-5558A14C1C71}.Debug|Any CPU.Build.0 = Debug|Any CPU
		{BBB505B8-437B-46D1-B2A0-5558A14C1C71}.Release|Any CPU.ActiveCfg = Release|Any CPU
		{BBB505B8-437B-46D1-B2A0-5558A14C1C71}.Release|Any CPU.Build.0 = Release|Any CPU
	EndGlobalSection
	GlobalSection(SolutionProperties) = preSolution
		HideSolutionNode = FALSE
	EndGlobalSection
	GlobalSection(ExtensibilityGlobals) = postSolution
		SolutionGuid = {CE789D75-3615-4337-9FA6-2A2D0C2C248F}
	EndGlobalSection
EndGlobal
